github.com/go-yaml/yaml v2.1.0+incompatible h1:RYi2hDdss1u4YE7GwixGzWwVo47T8UQwnTLB6vQiq+o=
github.com/go-yaml/yaml v2.1.0+incompatible/go.mod h1:w2MrLa16VYP0jy6N7M5kHaCkaLENm+P+Tv+MfurjSw0=
github.com/goccy/go-json v0.7.4 h1:B44qRUFwz/vxPKPISQ1KhvzRi9kZ28RAf6YtjriBZ5k=
github.com/goccy/go-json v0.7.4/go.mod h1:6MelG93GURQebXPDq3khkgXZkazVtN9CRI+MGFi0w8I=
github.com/kpango/fastime v1.0.17 h1:IZOBLEJrr2MIpsY1ihGhpkY+9pEikJWYwPEMu0/VdcY=
github.com/kpango/fastime v1.0.17/go.mod h1:lVqUTcXmQnk1wriyvq5DElbRSRDC0XtqbXQRdz0Eo+g=
github.com/kpango/glg v1.6.4 h1:r1oCPNDOXRvS64idr4b2NoVNORNfJjOedOAU10PrfO8=
github.com/kpango/glg v1.6.4/go.mod h1:nW5//GFgKG9rCvrDj+4AK4lBS8X608jtBIOyO+EoWXc=
github.com/mofax/iso8583 v0.0.0-20180221163034-b7d818f6d7eb h1:C9fBgNbp21c3r1uhPGk8XngANPae0hDbjWJkqbnYoh8=
github.com/mofax/iso8583 v0.0.0-20180221163034-b7d818f6d7eb/go.mod h1:miE6UQLUc3C2+Z7LN+4i9LfKjXBgGH1xAYRZKzyr93I=
github.com/randyardiansyah25/libpkg v0.0.0-20211222133600-94b26685b309 h1:1qOqE5BykPpEJkEuX+GyAFMSP0JzFU+LW9np+0iQRyY=
github.com/randyardiansyah25/libpkg v0.0.0-20211222133600-94b26685b309/go.mod h1:aQhKNLqqO9+VY8qhXp35ZfAyA9rVdhNcYeH8VQ1c7tM=
github.com/sirupsen/logrus v1.8.1 h1:dJKuHgqk1NNQlqoA6BTlM1Wf9DOH3NBjQyu0h9+AZZE=
go.uber.org/atomic v1.7.0 h1:ADUqmZGgLDDfbSL9ZmPxKTybcoEYHgpYfELNoN+7hsw=
go.uber.org/multierr v1.6.0 h1:y6IPFStTAIT5Ytl7/XYmHvzXQ7S3g/IeZW9hyZ5thw4=
go.uber.org/zap v1.18.1 h1:CSUJ2mjFszzEWt4CdKISEuChVIXGBn3lAPwkRGyVrc4=
golang.org/x/sys v0.0.0-20191026070338-33540a1f6037 h1:YyJpGZS1sBuBCzLAR1VEpK193GlqGZbnPFnPV/5Rsb4=
gopkg.in/check.v1 v0.0.0-20161208181325-20d25e280405 h1:yhCVgyC4o1eVCa2tZl7eS0r+SDo693bJlVdllGtEeKM=
gopkg.in/check.v1 v0.0.0-20161208181325-20d25e280405/go.mod h1:Co6ibVJAznAaIkqp8huTwlJQCZ016jof/cbN4VW5Yz0=
gopkg.in/yaml.v2 v2.4.0 h1:D8xgwECY7CYvx+Y2n4sBz93Jn9JRvxdiyyo8CTfuKaY=
gopkg.in/yaml.v2 v2.4.0/go.mod h1:RDklbk79AGWmwhnvt/jBztapEOGDOx6ZbXqjP6csGnQ=
